
Microsoft Visual Studio Solution File, Format Version 12.00
# Visual Studio Version 16
VisualStudioVersion = 16.0.31105.61
MinimumVisualStudioVersion = 10.0.40219.1
Project("{FAE04EC0-301F-11D3-BF4B-00C04F79EFBC}") = "KwTools.Hosting", "KwTools.Hosting\KwTools.Hosting.csproj", "{0EF0AB2D-817F-41FC-9032-8A6EF55B1D76}"
EndProject
Global
	GlobalSection(SolutionConfigurationPlatforms) = preSolution
		Debug|Any CPU = Debug|Any CPU
		Release|Any CPU = Release|Any CPU
	EndGlobalSection
	GlobalSection(ProjectConfigurationPlatforms) = postSolution
		{0EF0AB2D-817F-41FC-9032-8A6EF55B1D76}.Debug|Any CPU.ActiveCfg = Debug|Any CPU
		{0EF0AB2D-817F-41FC-9032-8A6EF55B1D76}.Debug|Any CPU.Build.0 = Debug|Any CPU
		{0EF0AB2D-817F-41FC-9032-8A6EF55B1D76}.Release|Any CPU.ActiveCfg = Release|Any CPU
		{0EF0AB2D-817F-41FC-9032-8A6EF55B1D76}.Release|Any CPU.Build.0 = Release|Any CPU
	EndGlobalSection
	GlobalSection(SolutionProperties) = preSolution
		HideSolutionNode = FALSE
	EndGlobalSection
	GlobalSection(ExtensibilityGlobals) = postSolution
		SolutionGuid = {1E4380C5-82E4-41D0-A3C9-2F88959D3A7E}
	EndGlobalSection
EndGlobal
